
Microsoft Visual Studio Solution File, Format Version 12.00
# Visual Studio 15
VisualStudioVersion = 15.0.26403.7
MinimumVisualStudioVersion = 10.0.40219.1
Project("{FAE04EC0-301F-11D3-BF4B-00C04F79EFBC}") = "LogWeb5", "LogWeb5\LogWeb5.csproj", "{8E56D573-6442-49CD-8055-DBE3D6A67AC2}"
EndProject
Project("{FAE04EC0-301F-11D3-BF4B-00C04F79EFBC}") = "LogWeb5.Tests", "LogWeb5.Tests\LogWeb5.Tests.csproj", "{5CC3F174-2B67-4243-9907-8667EFEAAA26}"
EndProject
Global
	GlobalSection(SolutionConfigurationPlatforms) = preSolution
		Debug|Any CPU = Debug|Any CPU
		Release|Any CPU = Release|Any CPU
	EndGlobalSection
	GlobalSection(ProjectConfigurationPlatforms) = postSolution
		{8E56D573-6442-49CD-8055-DBE3D6A67AC2}.Debug|Any CPU.ActiveCfg = Debug|Any CPU
		{8E56D573-6442-49CD-8055-DBE3D6A67AC2}.Debug|Any CPU.Build.0 = Debug|Any CPU
		{8E56D573-6442-49CD-8055-DBE3D6A67AC2}.Release|Any CPU.ActiveCfg = Release|Any CPU
		{8E56D573-6442-49CD-8055-DBE3D6A67AC2}.Release|Any CPU.Build.0 = Release|Any CPU
		{5CC3F174-2B67-4243-9907-8667EFEAAA26}.Debug|Any CPU.ActiveCfg = Debug|Any CPU
		{5CC3F174-2B67-4243-9907-8667EFEAAA26}.Debug|Any CPU.Build.0 = Debug|Any CPU
		{5CC3F174-2B67-4243-9907-8667EFEAAA26}.Release|Any CPU.ActiveCfg = Release|Any CPU
		{5CC3F174-2B67-4243-9907-8667EFEAAA26}.Release|Any CPU.Build.0 = Release|Any CPU
	EndGlobalSection
	GlobalSection(SolutionProperties) = preSolution
		HideSolutionNode = FALSE
	EndGlobalSection
EndGlobal
